
Microsoft Visual Studio Solution File, Format Version 12.00
# Visual Studio 15
VisualStudioVersion = 15.0.27130.2010
MinimumVisualStudioVersion = 10.0.40219.1
Project("{FAE04EC0-301F-11D3-BF4B-00C04F79EFBC}") = "BlockBreak", "BlockBreak\BlockBreak.csproj", "{5920F5FB-CFBE-4DEA-B986-0D52A40D86E4}"
EndProject
Global
	GlobalSection(SolutionConfigurationPlatforms) = preSolution
		Debug|Any CPU = Debug|Any CPU
		Release|Any CPU = Release|Any CPU
	EndGlobalSection
	GlobalSection(ProjectConfigurationPlatforms) = postSolution
		{5920F5FB-CFBE-4DEA-B986-0D52A40D86E4}.Debug|Any CPU.ActiveCfg = Debug|Any CPU
		{5920F5FB-CFBE-4DEA-B986-0D52A40D86E4}.Debug|Any CPU.Build.0 = Debug|Any CPU
		{5920F5FB-CFBE-4DEA-B986-0D52A40D86E4}.Release|Any CPU.ActiveCfg = Release|Any CPU
		{5920F5FB-CFBE-4DEA-B986-0D52A40D86E4}.Release|Any CPU.Build.0 = Release|Any CPU
	EndGlobalSection
	GlobalSection(SolutionProperties) = preSolution
		HideSolutionNode = FALSE
	EndGlobalSection
	GlobalSection(ExtensibilityGlobals) = postSolution
		SolutionGuid = {73630047-AB8E-49B1-B50B-C30A0630F157}
	EndGlobalSection
EndGlobal
